{
  "name": "xyh",
  "version": "1.0.0",
  "lockfileVersion": 1,
  "requires": true,
  "dependencies": {
    "miniprogram-recycle-view": {
      "version": "0.0.6",
      "resolved": "https://registry.npmjs.org/miniprogram-recycle-view/-/miniprogram-recycle-view-0.0.6.tgz",
      "integrity": "sha512-zC66vYlhlWmCa5686Ql7SDBtRTskmPLIUAOBrRjlf8SFakWmTl3L4UQ3GlZGK9H4oz23hAODLJ7k8OfaQMV8dw=="
    },
    "mta-wechat-analysis": {
      "version": "1.3.7",
      "resolved": "http://registry.npm.taobao.org/mta-wechat-analysis/download/mta-wechat-analysis-1.3.7.tgz",
      "integrity": "sha1-g0d6u4F4X065ooTARKxWb/ItP/o="
    }
  }
}
